PODS:
  - FlutterMacOS (1.0.0)
  - webcontent_converter (0.0.1):
    - Flutter
    - FlutterMacOS

DEPENDENCIES:
  - FlutterMacOS (from `Flutter/ephemeral`)
  - webcontent_converter (from `Flutter/ephemeral/.symlinks/plugins/webcontent_converter/darwin`)

EXTERNAL SOURCES:
  FlutterMacOS:
    :path: Flutter/ephemeral
  webcontent_converter:
    :path: Flutter/ephemeral/.symlinks/plugins/webcontent_converter/darwin

SPEC CHECKSUMS:
  FlutterMacOS: d0db08ddef1a9af05a5ec4b724367152bb0500b1
  webcontent_converter: f1a5c9b2cc72d10232a7b292efc93ac02e516ad8

PODFILE CHECKSUM: 9ebaf0ce3d369aaa26a9ea0e159195ed94724cf3

COCOAPODS: 1.16.2
